
Microsoft Visual Studio Solution File, Format Version 12.00
# Visual Studio Version 16
VisualStudioVersion = 16.0.29418.71
MinimumVisualStudioVersion = 10.0.40219.1
Project("{FAE04EC0-301F-11D3-BF4B-00C04F79EFBC}") = "AzureSQLDBwithCSharp", "AzureSQLDBwithCSharp\AzureSQLDBwithCSharp.csproj", "{27C85D11-D1C9-4D5A-A5E1-47D9E1C6F77D}"
EndProject
Global
	GlobalSection(SolutionConfigurationPlatforms) = preSolution
		Debug|Any CPU = Debug|Any CPU
		Release|Any CPU = Release|Any CPU
	EndGlobalSection
	GlobalSection(ProjectConfigurationPlatforms) = postSolution
		{27C85D11-D1C9-4D5A-A5E1-47D9E1C6F77D}.Debug|Any CPU.ActiveCfg = Debug|Any CPU
		{27C85D11-D1C9-4D5A-A5E1-47D9E1C6F77D}.Debug|Any CPU.Build.0 = Debug|Any CPU
		{27C85D11-D1C9-4D5A-A5E1-47D9E1C6F77D}.Release|Any CPU.ActiveCfg = Release|Any CPU
		{27C85D11-D1C9-4D5A-A5E1-47D9E1C6F77D}.Release|Any CPU.Build.0 = Release|Any CPU
	EndGlobalSection
	GlobalSection(SolutionProperties) = preSolution
		HideSolutionNode = FALSE
	EndGlobalSection
	GlobalSection(ExtensibilityGlobals) = postSolution
		SolutionGuid = {0661A127-AA10-4A8D-ACAE-8B6AC070689B}
	EndGlobalSection
EndGlobal
